// !$*UTF8*$!
{
	archiveVersion = 1;
	classes = {
	};
	objectVersion = 56;
	objects = {

/* Begin PBXBuildFile section */
		C909FE292C63419C00766D10 /* NetworkClient.swift in Sources */ = {isa = PBXBuildFile; fileRef = C909FE282C63419C00766D10 /* NetworkClient.swift */; };
		C93ACCE92C609A5500208CB6 /* AppDelegate.swift in Sources */ = {isa = PBXBuildFile; fileRef = C93ACCE82C609A5500208CB6 /* AppDelegate.swift */; };
		C93ACCEB2C609A5500208CB6 /* SceneDelegate.swift in Sources */ = {isa = PBXBuildFile; fileRef = C93ACCEA2C609A5500208CB6 /* SceneDelegate.swift */; };
		C93ACCED2C609A5500208CB6 /* InitialViewController.swift in Sources */ = {isa = PBXBuildFile; fileRef = C93ACCEC2C609A5500208CB6 /* InitialViewController.swift */; };
		C93ACCF22C609A5700208CB6 /* Assets.xcassets in Resources */ = {isa = PBXBuildFile; fileRef = C93ACCF12C609A5700208CB6 /* Assets.xcassets */; };
		C93ACCF52C609A5700208CB6 /* LaunchScreen.storyboard in Resources */ = {isa = PBXBuildFile; fileRef = C93ACCF32C609A5700208CB6 /* LaunchScreen.storyboard */; };
		C96104202C76A57A00F8C284 /* UIExtension.swift in Sources */ = {isa = PBXBuildFile; fileRef = C961041F2C76A57A00F8C284 /* UIExtension.swift */; };
		C961044D2C76E22500F8C284 /* ContactTableViewController.swift in Sources */ = {isa = PBXBuildFile; fileRef = C961044C2C76E22500F8C284 /* ContactTableViewController.swift */; };
		C96104512C7702D100F8C284 /* contacts_mock_data.json in Resources */ = {isa = PBXBuildFile; fileRef = C96104502C7702D100F8C284 /* contacts_mock_data.json */; };
		C96104552C770BB700F8C284 /* ContactDataManager.swift in Sources */ = {isa = PBXBuildFile; fileRef = C96104542C770BB700F8C284 /* ContactDataManager.swift */; };
		C96104572C77EE5E00F8C284 /* ContactTableCell.swift in Sources */ = {isa = PBXBuildFile; fileRef = C96104562C77EE5E00F8C284 /* ContactTableCell.swift */; };
		C961045A2C78061C00F8C284 /* ContactDetailViewController.swift in Sources */ = {isa = PBXBuildFile; fileRef = C96104582C78061C00F8C284 /* ContactDetailViewController.swift */; };
		C961045B2C78061C00F8C284 /* ContactDetailViewController.xib in Resources */ = {isa = PBXBuildFile; fileRef = C96104592C78061C00F8C284 /* ContactDetailViewController.xib */; };
		C961045E2C78319C00F8C284 /* MenuTableViewController.swift in Sources */ = {isa = PBXBuildFile; fileRef = C961045C2C78319C00F8C284 /* MenuTableViewController.swift */; };
		C961045F2C78319C00F8C284 /* MenuTableViewController.xib in Resources */ = {isa = PBXBuildFile; fileRef = C961045D2C78319C00F8C284 /* MenuTableViewController.xib */; };
/* End PBXBuildFile section */

/* Begin PBXFileReference section */
		C909FE282C63419C00766D10 /* NetworkClient.swift */ = {isa = PBXFileReference; lastKnownFileType = sourcecode.swift; path = NetworkClient.swift; sourceTree = "<group>"; };
		C93ACCE52C609A5500208CB6 /* ScratchUI.app */ = {isa = PBXFileReference; explicitFileType = wrapper.application; includeInIndex = 0; path = ScratchUI.app; sourceTree = BUILT_PRODUCTS_DIR; };
		C93ACCE82C609A5500208CB6 /* AppDelegate.swift */ = {isa = PBXFileReference; lastKnownFileType = sourcecode.swift; path = AppDelegate.swift; sourceTree = "<group>"; };
		C93ACCEA2C609A5500208CB6 /* SceneDelegate.swift */ = {isa = PBXFileReference; lastKnownFileType = sourcecode.swift; path = SceneDelegate.swift; sourceTree = "<group>"; };
		C93ACCEC2C609A5500208CB6 /* InitialViewController.swift */ = {isa = PBXFileReference; lastKnownFileType = sourcecode.swift; path = InitialViewController.swift; sourceTree = "<group>"; };
		C93ACCF12C609A5700208CB6 /* Assets.xcassets */ = {isa = PBXFileReference; lastKnownFileType = folder.assetcatalog; path = Assets.xcassets; sourceTree = "<group>"; };
		C93ACCF42C609A5700208CB6 /* Base */ = {isa = PBXFileReference; lastKnownFileType = file.storyboard; name = Base; path = Base.lproj/LaunchScreen.storyboard; sourceTree = "<group>"; };
		C93ACCF62C609A5700208CB6 /* Info.plist */ = {isa = PBXFileReference; lastKnownFileType = text.plist.xml; path = Info.plist; sourceTree = "<group>"; };
		C961041F2C76A57A00F8C284 /* UIExtension.swift */ = {isa = PBXFileReference; lastKnownFileType = sourcecode.swift; path = UIExtension.swift; sourceTree = "<group>"; };
		C961044C2C76E22500F8C284 /* ContactTableViewController.swift */ = {isa = PBXFileReference; lastKnownFileType = sourcecode.swift; path = ContactTableViewController.swift; sourceTree = "<group>"; };
		C96104502C7702D100F8C284 /* contacts_mock_data.json */ = {isa = PBXFileReference; fileEncoding = 4; lastKnownFileType = text.json; path = contacts_mock_data.json; sourceTree = "<group>"; };
		C96104542C770BB700F8C284 /* ContactDataManager.swift */ = {isa = PBXFileReference; lastKnownFileType = sourcecode.swift; path = ContactDataManager.swift; sourceTree = "<group>"; };
		C96104562C77EE5E00F8C284 /* ContactTableCell.swift */ = {isa = PBXFileReference; lastKnownFileType = sourcecode.swift; path = ContactTableCell.swift; sourceTree = "<group>"; };
		C96104582C78061C00F8C284 /* ContactDetailViewController.swift */ = {isa = PBXFileReference; lastKnownFileType = sourcecode.swift; path = ContactDetailViewController.swift; sourceTree = "<group>"; };
		C96104592C78061C00F8C284 /* ContactDetailViewController.xib */ = {isa = PBXFileReference; lastKnownFileType = file.xib; path = ContactDetailViewController.xib; sourceTree = "<group>"; };
		C961045C2C78319C00F8C284 /* MenuTableViewController.swift */ = {isa = PBXFileReference; lastKnownFileType = sourcecode.swift; path = MenuTableViewController.swift; sourceTree = "<group>"; };
		C961045D2C78319C00F8C284 /* MenuTableViewController.xib */ = {isa = PBXFileReference; lastKnownFileType = file.xib; path = MenuTableViewController.xib; sourceTree = "<group>"; };
/* End PBXFileReference section */

/* Begin PBXFrameworksBuildPhase section */
		C93ACCE22C609A5500208CB6 /* Frameworks */ = {
			isa = PBXFrameworksBuildPhase;
			buildActionMask = 2147483647;
			files = (
			);
			runOnlyForDeploymentPostprocessing = 0;
		};
/* End PBXFrameworksBuildPhase section */

/* Begin PBXGroup section */
		C909FE272C63416400766D10 /* RestAPI */ = {
			isa = PBXGroup;
			children = (
				C909FE282C63419C00766D10 /* NetworkClient.swift */,
			);
			path = RestAPI;
			sourceTree = "<group>";
		};
		C93ACCDC2C609A5500208CB6 = {
			isa = PBXGroup;
			children = (
				C93ACCE72C609A5500208CB6 /* ScratchUI */,
				C93ACCE62C609A5500208CB6 /* Products */,
			);
			sourceTree = "<group>";
		};
		C93ACCE62C609A5500208CB6 /* Products */ = {
			isa = PBXGroup;
			children = (
				C93ACCE52C609A5500208CB6 /* ScratchUI.app */,
			);
			name = Products;
			sourceTree = "<group>";
		};
		C93ACCE72C609A5500208CB6 /* ScratchUI */ = {
			isa = PBXGroup;
			children = (
				C93ACCEA2C609A5500208CB6 /* SceneDelegate.swift */,
				C93ACCEC2C609A5500208CB6 /* InitialViewController.swift */,
				C961045C2C78319C00F8C284 /* MenuTableViewController.swift */,
				C961045D2C78319C00F8C284 /* MenuTableViewController.xib */,
				C961044B2C76E20700F8C284 /* Contacts */,
				C96104522C77044300F8C284 /* Support Files */,
			);
			path = ScratchUI;
			sourceTree = "<group>";
		};
		C961044B2C76E20700F8C284 /* Contacts */ = {
			isa = PBXGroup;
			children = (
				C96104532C7707DD00F8C284 /* Data */,
				C961044C2C76E22500F8C284 /* ContactTableViewController.swift */,
				C96104562C77EE5E00F8C284 /* ContactTableCell.swift */,
				C96104582C78061C00F8C284 /* ContactDetailViewController.swift */,
				C96104592C78061C00F8C284 /* ContactDetailViewController.xib */,
			);
			path = Contacts;
			sourceTree = "<group>";
		};
		C96104522C77044300F8C284 /* Support Files */ = {
			isa = PBXGroup;
			children = (
				C96104502C7702D100F8C284 /* contacts_mock_data.json */,
				C93ACCF62C609A5700208CB6 /* Info.plist */,
				C93ACCE82C609A5500208CB6 /* AppDelegate.swift */,
				C961041F2C76A57A00F8C284 /* UIExtension.swift */,
				C93ACCF12C609A5700208CB6 /* Assets.xcassets */,
				C93ACCF32C609A5700208CB6 /* LaunchScreen.storyboard */,
				C909FE272C63416400766D10 /* RestAPI */,
			);
			path = "Support Files";
			sourceTree = "<group>";
		};
		C96104532C7707DD00F8C284 /* Data */ = {
			isa = PBXGroup;
			children = (
				C96104542C770BB700F8C284 /* ContactDataManager.swift */,
			);
			path = Data;
			sourceTree = "<group>";
		};
/* End PBXGroup section */

/* Begin PBXNativeTarget section */
		C93ACCE42C609A5500208CB6 /* ScratchUI */ = {
			isa = PBXNativeTarget;
			buildConfigurationList = C93ACCF92C609A5700208CB6 /* Build configuration list for PBXNativeTarget "ScratchUI" */;
			buildPhases = (
				C93ACCE12C609A5500208CB6 /* Sources */,
				C93ACCE22C609A5500208CB6 /* Frameworks */,
				C93ACCE32C609A5500208CB6 /* Resources */,
			);
			buildRules = (
			);
			dependencies = (
			);
			name = ScratchUI;
			productName = ScratchUI;
			productReference = C93ACCE52C609A5500208CB6 /* ScratchUI.app */;
			productType = "com.apple.product-type.application";
		};
/* End PBXNativeTarget section */

/* Begin PBXProject section */
		C93ACCDD2C609A5500208CB6 /* Project object */ = {
			isa = PBXProject;
			attributes = {
				BuildIndependentTargetsInParallel = 1;
				LastSwiftUpdateCheck = 1510;
				LastUpgradeCheck = 1510;
				TargetAttributes = {
					C93ACCE42C609A5500208CB6 = {
						CreatedOnToolsVersion = 15.1;
					};
				};
			};
			buildConfigurationList = C93ACCE02C609A5500208CB6 /* Build configuration list for PBXProject "ScratchUI" */;
			compatibilityVersion = "Xcode 14.0";
			developmentRegion = en;
			hasScannedForEncodings = 0;
			knownRegions = (
				en,
				Base,
			);
			mainGroup = C93ACCDC2C609A5500208CB6;
			productRefGroup = C93ACCE62C609A5500208CB6 /* Products */;
			projectDirPath = "";
			projectRoot = "";
			targets = (
				C93ACCE42C609A5500208CB6 /* ScratchUI */,
			);
		};
/* End PBXProject section */

/* Begin PBXResourcesBuildPhase section */
		C93ACCE32C609A5500208CB6 /* Resources */ = {
			isa = PBXResourcesBuildPhase;
			buildActionMask = 2147483647;
			files = (
				C961045F2C78319C00F8C284 /* MenuTableViewController.xib in Resources */,
				C96104512C7702D100F8C284 /* contacts_mock_data.json in Resources */,
				C93ACCF52C609A5700208CB6 /* LaunchScreen.storyboard in Resources */,
				C93ACCF22C609A5700208CB6 /* Assets.xcassets in Resources */,
				C961045B2C78061C00F8C284 /* ContactDetailViewController.xib in Resources */,
			);
			runOnlyForDeploymentPostprocessing = 0;
		};
/* End PBXResourcesBuildPhase section */

/* Begin PBXSourcesBuildPhase section */
		C93ACCE12C609A5500208CB6 /* Sources */ = {
			isa = PBXSourcesBuildPhase;
			buildActionMask = 2147483647;
			files = (
				C93ACCED2C609A5500208CB6 /* InitialViewController.swift in Sources */,
				C909FE292C63419C00766D10 /* NetworkClient.swift in Sources */,
				C96104202C76A57A00F8C284 /* UIExtension.swift in Sources */,
				C93ACCE92C609A5500208CB6 /* AppDelegate.swift in Sources */,
				C961044D2C76E22500F8C284 /* ContactTableViewController.swift in Sources */,
				C96104552C770BB700F8C284 /* ContactDataManager.swift in Sources */,
				C96104572C77EE5E00F8C284 /* ContactTableCell.swift in Sources */,
				C961045E2C78319C00F8C284 /* MenuTableViewController.swift in Sources */,
				C961045A2C78061C00F8C284 /* ContactDetailViewController.swift in Sources */,
				C93ACCEB2C609A5500208CB6 /* SceneDelegate.swift in Sources */,
			);
			runOnlyForDeploymentPostprocessing = 0;
		};
/* End PBXSourcesBuildPhase section */

/* Begin PBXVariantGroup section */
		C93ACCF32C609A5700208CB6 /* LaunchScreen.storyboard */ = {
			isa = PBXVariantGroup;
			children = (
				C93ACCF42C609A5700208CB6 /* Base */,
			);
			name = LaunchScreen.storyboard;
			sourceTree = "<group>";
		};
/* End PBXVariantGroup section */

/* Begin XCBuildConfiguration section */
		C93ACCF72C609A5700208CB6 /* Debug */ = {
			isa = XCBuildConfiguration;
			buildSettings = {
				ALWAYS_SEARCH_USER_PATHS = NO;
				ASSETCATALOG_COMPILER_GENERATE_SWIFT_ASSET_SYMBOL_EXTENSIONS = YES;
				CLANG_ANALYZER_NONNULL = YES;
				CLANG_ANALYZER_NUMBER_OBJECT_CONVERSION = YES_AGGRESSIVE;
				CLANG_CXX_LANGUAGE_STANDARD = "gnu++20";
				CLANG_ENABLE_MODULES = YES;
				CLANG_ENABLE_OBJC_ARC = YES;
				CLANG_ENABLE_OBJC_WEAK = YES;
				CLANG_WARN_BLOCK_CAPTURE_AUTORELEASING = YES;
				CLANG_WARN_BOOL_CONVERSION = YES;
				CLANG_WARN_COMMA = YES;
				CLANG_WARN_CONSTANT_CONVERSION = YES;
				CLANG_WARN_DEPRECATED_OBJC_IMPLEMENTATIONS = YES;
				CLANG_WARN_DIRECT_OBJC_ISA_USAGE = YES_ERROR;
				CLANG_WARN_DOCUMENTATION_COMMENTS = YES;
				CLANG_WARN_EMPTY_BODY = YES;
				CLANG_WARN_ENUM_CONVERSION = YES;
				CLANG_WARN_INFINITE_RECURSION = YES;
				CLANG_WARN_INT_CONVERSION = YES;
				CLANG_WARN_NON_LITERAL_NULL_CONVERSION = YES;
				CLANG_WARN_OBJC_IMPLICIT_RETAIN_SELF = YES;
				CLANG_WARN_OBJC_LITERAL_CONVERSION = YES;
				CLANG_WARN_OBJC_ROOT_CLASS = YES_ERROR;
				CLANG_WARN_QUOTED_INCLUDE_IN_FRAMEWORK_HEADER = YES;
				CLANG_WARN_RANGE_LOOP_ANALYSIS = YES;
				CLANG_WARN_STRICT_PROTOTYPES = YES;
				CLANG_WARN_SUSPICIOUS_MOVE = YES;
				CLANG_WARN_UNGUARDED_AVAILABILITY = YES_AGGRESSIVE;
				CLANG_WARN_UNREACHABLE_CODE = YES;
				CLANG_WARN__DUPLICATE_METHOD_MATCH = YES;
				COPY_PHASE_STRIP = NO;
				DEBUG_INFORMATION_FORMAT = dwarf;
				ENABLE_STRICT_OBJC_MSGSEND = YES;
				ENABLE_TESTABILITY = YES;
				ENABLE_USER_SCRIPT_SANDBOXING = YES;
				GCC_C_LANGUAGE_STANDARD = gnu17;
				GCC_DYNAMIC_NO_PIC = NO;
				GCC_NO_COMMON_BLOCKS = YES;
				GCC_OPTIMIZATION_LEVEL = 0;
				GCC_PREPROCESSOR_DEFINITIONS = (
					"DEBUG=1",
					"$(inherited)",
				);
				GCC_WARN_64_TO_32_BIT_CONVERSION = YES;
				GCC_WARN_ABOUT_RETURN_TYPE = YES_ERROR;
				GCC_WARN_UNDECLARED_SELECTOR = YES;
				GCC_WARN_UNINITIALIZED_AUTOS = YES_AGGRESSIVE;
				GCC_WARN_UNUSED_FUNCTION = YES;
				GCC_WARN_UNUSED_VARIABLE = YES;
				IPHONEOS_DEPLOYMENT_TARGET = 17.2;
				LOCALIZATION_PREFERS_STRING_CATALOGS = YES;
				MTL_ENABLE_DEBUG_INFO = INCLUDE_SOURCE;
				MTL_FAST_MATH = YES;
				ONLY_ACTIVE_ARCH = YES;
				SDKROOT = iphoneos;
				SWIFT_ACTIVE_COMPILATION_CONDITIONS = "DEBUG $(inherited)";
				SWIFT_OPTIMIZATION_LEVEL = "-Onone";
			};
			name = Debug;
		};
		C93ACCF82C609A5700208CB6 /* Release */ = {
			isa = XCBuildConfiguration;
			buildSettings = {
				ALWAYS_SEARCH_USER_PATHS = NO;
				ASSETCATALOG_COMPILER_GENERATE_SWIFT_ASSET_SYMBOL_EXTENSIONS = YES;
				CLANG_ANALYZER_NONNULL = YES;
				CLANG_ANALYZER_NUMBER_OBJECT_CONVERSION = YES_AGGRESSIVE;
				CLANG_CXX_LANGUAGE_STANDARD = "gnu++20";
				CLANG_ENABLE_MODULES = YES;
				CLANG_ENABLE_OBJC_ARC = YES;
				CLANG_ENABLE_OBJC_WEAK = YES;
				CLANG_WARN_BLOCK_CAPTURE_AUTORELEASING = YES;
				CLANG_WARN_BOOL_CONVERSION = YES;
				CLANG_WARN_COMMA = YES;
				CLANG_WARN_CONSTANT_CONVERSION = YES;
				CLANG_WARN_DEPRECATED_OBJC_IMPLEMENTATIONS = YES;
				CLANG_WARN_DIRECT_OBJC_ISA_USAGE = YES_ERROR;
				CLANG_WARN_DOCUMENTATION_COMMENTS = YES;
				CLANG_WARN_EMPTY_BODY = YES;
				CLANG_WARN_ENUM_CONVERSION = YES;
				CLANG_WARN_INFINITE_RECURSION = YES;
				CLANG_WARN_INT_CONVERSION = YES;
				CLANG_WARN_NON_LITERAL_NULL_CONVERSION = YES;
				CLANG_WARN_OBJC_IMPLICIT_RETAIN_SELF = YES;
				CLANG_WARN_OBJC_LITERAL_CONVERSION = YES;
				CLANG_WARN_OBJC_ROOT_CLASS = YES_ERROR;
				CLANG_WARN_QUOTED_INCLUDE_IN_FRAMEWORK_HEADER = YES;
				CLANG_WARN_RANGE_LOOP_ANALYSIS = YES;
				CLANG_WARN_STRICT_PROTOTYPES = YES;
				CLANG_WARN_SUSPICIOUS_MOVE = YES;
				CLANG_WARN_UNGUARDED_AVAILABILITY = YES_AGGRESSIVE;
				CLANG_WARN_UNREACHABLE_CODE = YES;
				CLANG_WARN__DUPLICATE_METHOD_MATCH = YES;
				COPY_PHASE_STRIP = NO;
				DEBUG_INFORMATION_FORMAT = "dwarf-with-dsym";
				ENABLE_NS_ASSERTIONS = NO;
				ENABLE_STRICT_OBJC_MSGSEND = YES;
				ENABLE_USER_SCRIPT_SANDBOXING = YES;
				GCC_C_LANGUAGE_STANDARD = gnu17;
				GCC_NO_COMMON_BLOCKS = YES;
				GCC_WARN_64_TO_32_BIT_CONVERSION = YES;
				GCC_WARN_ABOUT_RETURN_TYPE = YES_ERROR;
				GCC_WARN_UNDECLARED_SELECTOR = YES;
				GCC_WARN_UNINITIALIZED_AUTOS = YES_AGGRESSIVE;
				GCC_WARN_UNUSED_FUNCTION = YES;
				GCC_WARN_UNUSED_VARIABLE = YES;
				IPHONEOS_DEPLOYMENT_TARGET = 17.2;
				LOCALIZATION_PREFERS_STRING_CATALOGS = YES;
				MTL_ENABLE_DEBUG_INFO = NO;
				MTL_FAST_MATH = YES;
				SDKROOT = iphoneos;
				SWIFT_COMPILATION_MODE = wholemodule;
				VALIDATE_PRODUCT = YES;
			};
			name = Release;
		};
		C93ACCFA2C609A5700208CB6 /* Debug */ = {
			isa = XCBuildConfiguration;
			buildSettings = {
				ASSETCATALOG_COMPILER_APPICON_NAME = AppIcon;
				ASSETCATALOG_COMPILER_GLOBAL_ACCENT_COLOR_NAME = AccentColor;
				CODE_SIGN_STYLE = Automatic;
				CURRENT_PROJECT_VERSION = 1;
				DEVELOPMENT_TEAM = 86R5XVSPS7;
				GENERATE_INFOPLIST_FILE = YES;
				INFOPLIST_FILE = "ScratchUI/Support Files/Info.plist";
				INFOPLIST_KEY_UIApplicationSupportsIndirectInputEvents = YES;
				INFOPLIST_KEY_UILaunchStoryboardName = LaunchScreen;
				INFOPLIST_KEY_UISupportedInterfaceOrientations_iPad = "UIInterfaceOrientationPortrait UIInterfaceOrientationPortraitUpsideDown UIInterfaceOrientationLandscapeLeft UIInterfaceOrientationLandscapeRight";
				INFOPLIST_KEY_UISupportedInterfaceOrientations_iPhone = "UIInterfaceOrientationPortrait UIInterfaceOrientationLandscapeLeft UIInterfaceOrientationLandscapeRight";
				LD_RUNPATH_SEARCH_PATHS = (
					"$(inherited)",
					"@executable_path/Frameworks",
				);
				MARKETING_VERSION = 1.0;
				PRODUCT_BUNDLE_IDENTIFIER = NeonMonsters.ScratchUI;
				PRODUCT_NAME = "$(TARGET_NAME)";
				SWIFT_EMIT_LOC_STRINGS = YES;
				SWIFT_VERSION = 5.0;
				TARGETED_DEVICE_FAMILY = "1,2";
			};
			name = Debug;
		};
		C93ACCFB2C609A5700208CB6 /* Release */ = {
			isa = XCBuildConfiguration;
			buildSettings = {
				ASSETCATALOG_COMPILER_APPICON_NAME = AppIcon;
				ASSETCATALOG_COMPILER_GLOBAL_ACCENT_COLOR_NAME = AccentColor;
				CODE_SIGN_STYLE = Automatic;
				CURRENT_PROJECT_VERSION = 1;
				DEVELOPMENT_TEAM = 86R5XVSPS7;
				GENERATE_INFOPLIST_FILE = YES;
				INFOPLIST_FILE = "ScratchUI/Support Files/Info.plist";
				INFOPLIST_KEY_UIApplicationSupportsIndirectInputEvents = YES;
				INFOPLIST_KEY_UILaunchStoryboardName = LaunchScreen;
				INFOPLIST_KEY_UISupportedInterfaceOrientations_iPad = "UIInterfaceOrientationPortrait UIInterfaceOrientationPortraitUpsideDown UIInterfaceOrientationLandscapeLeft UIInterfaceOrientationLandscapeRight";
				INFOPLIST_KEY_UISupportedInterfaceOrientations_iPhone = "UIInterfaceOrientationPortrait UIInterfaceOrientationLandscapeLeft UIInterfaceOrientationLandscapeRight";
				LD_RUNPATH_SEARCH_PATHS = (
					"$(inherited)",
					"@executable_path/Frameworks",
				);
				MARKETING_VERSION = 1.0;
				PRODUCT_BUNDLE_IDENTIFIER = NeonMonsters.ScratchUI;
				PRODUCT_NAME = "$(TARGET_NAME)";
				SWIFT_EMIT_LOC_STRINGS = YES;
				SWIFT_VERSION = 5.0;
				TARGETED_DEVICE_FAMILY = "1,2";
			};
			name = Release;
		};
/* End XCBuildConfiguration section */

/* Begin XCConfigurationList section */
		C93ACCE02C609A5500208CB6 /* Build configuration list for PBXProject "ScratchUI" */ = {
			isa = XCConfigurationList;
			buildConfigurations = (
				C93ACCF72C609A5700208CB6 /* Debug */,
				C93ACCF82C609A5700208CB6 /* Release */,
			);
			defaultConfigurationIsVisible = 0;
			defaultConfigurationName = Release;
		};
		C93ACCF92C609A5700208CB6 /* Build configuration list for PBXNativeTarget "ScratchUI" */ = {
			isa = XCConfigurationList;
			buildConfigurations = (
				C93ACCFA2C609A5700208CB6 /* Debug */,
				C93ACCFB2C609A5700208CB6 /* Release */,
			);
			defaultConfigurationIsVisible = 0;
			defaultConfigurationName = Release;
		};
/* End XCConfigurationList section */
	};
	rootObject = C93ACCDD2C609A5500208CB6 /* Project object */;
}
